{
	"name": "@tshio/notifications-client",
	"version": "0.0.0",
	"lockfileVersion": 1,
	"requires": true,
	"dependencies": {
		"perron": {
			"version": "0.11.4",
			"resolved": "https://registry.npmjs.org/perron/-/perron-0.11.4.tgz",
			"integrity": "sha512-r8UXIRUZdr9qJ0/R2/b1V4AX/qxECHkULihBYeoOVodFXYPNBXFf42SWZXPX/X0zmvpHkUZBgQzPIq9bNjBIGg=="
		}
	}
}
